
Microsoft Visual Studio Solution File, Format Version 12.00
# Visual Studio Version 17
VisualStudioVersion = 17.3.32901.215
MinimumVisualStudioVersion = 10.0.40219.1
Project("{FAE04EC0-301F-11D3-BF4B-00C04F79EFBC}") = "FindMaxRemap", "FindMaxRemap\FindMaxRemap.csproj", "{997F147B-3149-419D-A99E-3F46DD277EDC}"
EndProject
Global
	GlobalSection(SolutionConfigurationPlatforms) = preSolution
		Debug|Any CPU = Debug|Any CPU
		Release|Any CPU = Release|Any CPU
	EndGlobalSection
	GlobalSection(ProjectConfigurationPlatforms) = postSolution
		{997F147B-3149-419D-A99E-3F46DD277EDC}.Debug|Any CPU.ActiveCfg = Debug|Any CPU
		{997F147B-3149-419D-A99E-3F46DD277EDC}.Debug|Any CPU.Build.0 = Debug|Any CPU
		{997F147B-3149-419D-A99E-3F46DD277EDC}.Release|Any CPU.ActiveCfg = Release|Any CPU
		{997F147B-3149-419D-A99E-3F46DD277EDC}.Release|Any CPU.Build.0 = Release|Any CPU
	EndGlobalSection
	GlobalSection(SolutionProperties) = preSolution
		HideSolutionNode = FALSE
	EndGlobalSection
	GlobalSection(ExtensibilityGlobals) = postSolution
		SolutionGuid = {F30443C4-43CE-4483-841B-B067901F7555}
	EndGlobalSection
EndGlobal
